
Microsoft Visual Studio Solution File, Format Version 12.00
# Visual Studio 15
VisualStudioVersion = 15.0.27703.2042
MinimumVisualStudioVersion = 10.0.40219.1
Project("{FAE04EC0-301F-11D3-BF4B-00C04F79EFBC}") = "IdentityMatchingWebsite", "IdentityMatchingWebsite\IdentityMatchingWebsite.csproj", "{98232400-2DD0-4B84-B689-671B8ED94CCA}"
EndProject
Global
	GlobalSection(SolutionConfigurationPlatforms) = preSolution
		Debug|Any CPU = Debug|Any CPU
		Release|Any CPU = Release|Any CPU
	EndGlobalSection
	GlobalSection(ProjectConfigurationPlatforms) = postSolution
		{98232400-2DD0-4B84-B689-671B8ED94CCA}.Debug|Any CPU.ActiveCfg = Debug|Any CPU
		{98232400-2DD0-4B84-B689-671B8ED94CCA}.Debug|Any CPU.Build.0 = Debug|Any CPU
		{98232400-2DD0-4B84-B689-671B8ED94CCA}.Release|Any CPU.ActiveCfg = Release|Any CPU
		{98232400-2DD0-4B84-B689-671B8ED94CCA}.Release|Any CPU.Build.0 = Release|Any CPU
	EndGlobalSection
	GlobalSection(SolutionProperties) = preSolution
		HideSolutionNode = FALSE
	EndGlobalSection
	GlobalSection(ExtensibilityGlobals) = postSolution
		SolutionGuid = {3F7AE3DC-B009-49B9-B0D1-87459170A9EE}
	EndGlobalSection
EndGlobal
